// !$*UTF8*$!
{
	archiveVersion = 1;
	classes = {
	};
	objectVersion = 50;
	objects = {

/* Begin PBXBuildFile section */
		EA626193259649F8008F3A3F /* hikeData.json in Resources */ = {isa = PBXBuildFile; fileRef = EA626192259649F8008F3A3F /* hikeData.json */; };
		EA62619625964A15008F3A3F /* Hike.swift in Sources */ = {isa = PBXBuildFile; fileRef = EA62619525964A15008F3A3F /* Hike.swift */; };
		EA62619D25964B76008F3A3F /* GraphCapsule.swift in Sources */ = {isa = PBXBuildFile; fileRef = EA62619925964B76008F3A3F /* GraphCapsule.swift */; };
		EA62619E25964B76008F3A3F /* HikeGraph.swift in Sources */ = {isa = PBXBuildFile; fileRef = EA62619A25964B76008F3A3F /* HikeGraph.swift */; };
		EA62619F25964B76008F3A3F /* HikeDetail.swift in Sources */ = {isa = PBXBuildFile; fileRef = EA62619B25964B76008F3A3F /* HikeDetail.swift */; };
		EA6261A025964B76008F3A3F /* HikeView.swift in Sources */ = {isa = PBXBuildFile; fileRef = EA62619C25964B76008F3A3F /* HikeView.swift */; };
		EA6261A42598B8AF008F3A3F /* CategoryHome.swift in Sources */ = {isa = PBXBuildFile; fileRef = EA6261A32598B8AF008F3A3F /* CategoryHome.swift */; };
		EA6261A82598D1D4008F3A3F /* CategoryRow.swift in Sources */ = {isa = PBXBuildFile; fileRef = EA6261A72598D1D4008F3A3F /* CategoryRow.swift */; };
		EA6261AB2598D3C1008F3A3F /* CategoryItem.swift in Sources */ = {isa = PBXBuildFile; fileRef = EA6261AA2598D3C1008F3A3F /* CategoryItem.swift */; };
		EA6261AE2598F5BB008F3A3F /* Profile.swift in Sources */ = {isa = PBXBuildFile; fileRef = EA6261AD2598F5BB008F3A3F /* Profile.swift */; };
		EA6261B22598F6D4008F3A3F /* ProfileHost.swift in Sources */ = {isa = PBXBuildFile; fileRef = EA6261B12598F6D4008F3A3F /* ProfileHost.swift */; };
		EA6261B62598F740008F3A3F /* ProfileSummary.swift in Sources */ = {isa = PBXBuildFile; fileRef = EA6261B52598F740008F3A3F /* ProfileSummary.swift */; };
		EA6261B92598F90E008F3A3F /* HikeBadge.swift in Sources */ = {isa = PBXBuildFile; fileRef = EA6261B82598F90E008F3A3F /* HikeBadge.swift */; };
		EA6261BC2599E49D008F3A3F /* ProfileEditor.swift in Sources */ = {isa = PBXBuildFile; fileRef = EA6261BB2599E49D008F3A3F /* ProfileEditor.swift */; };
		EA65FCDC258D0BD500AF046D /* CircleImage.swift in Sources */ = {isa = PBXBuildFile; fileRef = EA65FCDB258D0BD500AF046D /* CircleImage.swift */; };
		EA65FCDF258D0D0E00AF046D /* MapView.swift in Sources */ = {isa = PBXBuildFile; fileRef = EA65FCDE258D0D0E00AF046D /* MapView.swift */; };
		EA9917A0254AB92E0083144E /* ToDoApp.swift in Sources */ = {isa = PBXBuildFile; fileRef = EA99179F254AB92E0083144E /* ToDoApp.swift */; };
		EA9917A2254AB92E0083144E /* ContentView.swift in Sources */ = {isa = PBXBuildFile; fileRef = EA9917A1254AB92E0083144E /* ContentView.swift */; };
		EA9917A4254AB92F0083144E /* Assets.xcassets in Resources */ = {isa = PBXBuildFile; fileRef = EA9917A3254AB92F0083144E /* Assets.xcassets */; };
		EA9917A7254AB92F0083144E /* Preview Assets.xcassets in Resources */ = {isa = PBXBuildFile; fileRef = EA9917A6254AB92F0083144E /* Preview Assets.xcassets */; };
		EAB67CAF2594C218006DB0A4 /* BadgeBackground.swift in Sources */ = {isa = PBXBuildFile; fileRef = EAB67CAE2594C218006DB0A4 /* BadgeBackground.swift */; };
		EAB67CB22594DFAC006DB0A4 /* BadgeSymbol.swift in Sources */ = {isa = PBXBuildFile; fileRef = EAB67CB12594DFAC006DB0A4 /* BadgeSymbol.swift */; };
		EAB67CB52594E559006DB0A4 /* RotatedBadgeSymbol.swift in Sources */ = {isa = PBXBuildFile; fileRef = EAB67CB42594E559006DB0A4 /* RotatedBadgeSymbol.swift */; };
		EAB67CB82594E5F2006DB0A4 /* Badge.swift in Sources */ = {isa = PBXBuildFile; fileRef = EAB67CB72594E5F2006DB0A4 /* Badge.swift */; };
		EAB8CA3225922C3D0030CE18 /* FavoriteButton.swift in Sources */ = {isa = PBXBuildFile; fileRef = EAB8CA3125922C3D0030CE18 /* FavoriteButton.swift */; };
		EAB8CA39259236830030CE18 /* HexagonParameters.swift in Sources */ = {isa = PBXBuildFile; fileRef = EAB8CA38259236830030CE18 /* HexagonParameters.swift */; };
		EACC980A25901A33000DE6FE /* landmarkData.json in Resources */ = {isa = PBXBuildFile; fileRef = EACC980925901A33000DE6FE /* landmarkData.json */; };
		EACC980F2590A1DE000DE6FE /* Landmark.swift in Sources */ = {isa = PBXBuildFile; fileRef = EACC980E2590A1DE000DE6FE /* Landmark.swift */; };
		EACC98132590A1FD000DE6FE /* ModelData.swift in Sources */ = {isa = PBXBuildFile; fileRef = EACC98122590A1FD000DE6FE /* ModelData.swift */; };
		EACC98162590A223000DE6FE /* LandmarkRow.swift in Sources */ = {isa = PBXBuildFile; fileRef = EACC98152590A223000DE6FE /* LandmarkRow.swift */; };
		EACC98192590A68D000DE6FE /* LandmarkList.swift in Sources */ = {isa = PBXBuildFile; fileRef = EACC98182590A68D000DE6FE /* LandmarkList.swift */; };
		EACC981C2590A831000DE6FE /* LandmarkDetail.swift in Sources */ = {isa = PBXBuildFile; fileRef = EACC981B2590A831000DE6FE /* LandmarkDetail.swift */; };
/* End PBXBuildFile section */

/* Begin PBXFileReference section */
		EA626192259649F8008F3A3F /* hikeData.json */ = {isa = PBXFileReference; fileEncoding = 4; lastKnownFileType = text.json; path = hikeData.json; sourceTree = "<group>"; };
		EA62619525964A15008F3A3F /* Hike.swift */ = {isa = PBXFileReference; lastKnownFileType = sourcecode.swift; path = Hike.swift; sourceTree = "<group>"; };
		EA62619925964B76008F3A3F /* GraphCapsule.swift */ = {isa = PBXFileReference; fileEncoding = 4; lastKnownFileType = sourcecode.swift; path = GraphCapsule.swift; sourceTree = "<group>"; };
		EA62619A25964B76008F3A3F /* HikeGraph.swift */ = {isa = PBXFileReference; fileEncoding = 4; lastKnownFileType = sourcecode.swift; path = HikeGraph.swift; sourceTree = "<group>"; };
		EA62619B25964B76008F3A3F /* HikeDetail.swift */ = {isa = PBXFileReference; fileEncoding = 4; lastKnownFileType = sourcecode.swift; path = HikeDetail.swift; sourceTree = "<group>"; };
		EA62619C25964B76008F3A3F /* HikeView.swift */ = {isa = PBXFileReference; fileEncoding = 4; lastKnownFileType = sourcecode.swift; path = HikeView.swift; sourceTree = "<group>"; };
		EA6261A32598B8AF008F3A3F /* CategoryHome.swift */ = {isa = PBXFileReference; lastKnownFileType = sourcecode.swift; path = CategoryHome.swift; sourceTree = "<group>"; };
		EA6261A72598D1D4008F3A3F /* CategoryRow.swift */ = {isa = PBXFileReference; lastKnownFileType = sourcecode.swift; path = CategoryRow.swift; sourceTree = "<group>"; };
		EA6261AA2598D3C1008F3A3F /* CategoryItem.swift */ = {isa = PBXFileReference; lastKnownFileType = sourcecode.swift; path = CategoryItem.swift; sourceTree = "<group>"; };
		EA6261AD2598F5BB008F3A3F /* Profile.swift */ = {isa = PBXFileReference; lastKnownFileType = sourcecode.swift; path = Profile.swift; sourceTree = "<group>"; };
		EA6261B12598F6D4008F3A3F /* ProfileHost.swift */ = {isa = PBXFileReference; lastKnownFileType = sourcecode.swift; path = ProfileHost.swift; sourceTree = "<group>"; };
		EA6261B52598F740008F3A3F /* ProfileSummary.swift */ = {isa = PBXFileReference; lastKnownFileType = sourcecode.swift; path = ProfileSummary.swift; sourceTree = "<group>"; };
		EA6261B82598F90E008F3A3F /* HikeBadge.swift */ = {isa = PBXFileReference; lastKnownFileType = sourcecode.swift; path = HikeBadge.swift; sourceTree = "<group>"; };
		EA6261BB2599E49D008F3A3F /* ProfileEditor.swift */ = {isa = PBXFileReference; lastKnownFileType = sourcecode.swift; path = ProfileEditor.swift; sourceTree = "<group>"; };
		EA65FCDB258D0BD500AF046D /* CircleImage.swift */ = {isa = PBXFileReference; lastKnownFileType = sourcecode.swift; path = CircleImage.swift; sourceTree = "<group>"; };
		EA65FCDE258D0D0E00AF046D /* MapView.swift */ = {isa = PBXFileReference; lastKnownFileType = sourcecode.swift; path = MapView.swift; sourceTree = "<group>"; };
		EA99179C254AB92E0083144E /* ToDo.app */ = {isa = PBXFileReference; explicitFileType = wrapper.application; includeInIndex = 0; path = ToDo.app; sourceTree = BUILT_PRODUCTS_DIR; };
		EA99179F254AB92E0083144E /* ToDoApp.swift */ = {isa = PBXFileReference; lastKnownFileType = sourcecode.swift; path = ToDoApp.swift; sourceTree = "<group>"; };
		EA9917A1254AB92E0083144E /* ContentView.swift */ = {isa = PBXFileReference; lastKnownFileType = sourcecode.swift; path = ContentView.swift; sourceTree = "<group>"; };
		EA9917A3254AB92F0083144E /* Assets.xcassets */ = {isa = PBXFileReference; lastKnownFileType = folder.assetcatalog; path = Assets.xcassets; sourceTree = "<group>"; };
		EA9917A6254AB92F0083144E /* Preview Assets.xcassets */ = {isa = PBXFileReference; lastKnownFileType = folder.assetcatalog; path = "Preview Assets.xcassets"; sourceTree = "<group>"; };
		EA9917A8254AB92F0083144E /* Info.plist */ = {isa = PBXFileReference; lastKnownFileType = text.plist.xml; path = Info.plist; sourceTree = "<group>"; };
		EAB67CAE2594C218006DB0A4 /* BadgeBackground.swift */ = {isa = PBXFileReference; lastKnownFileType = sourcecode.swift; path = BadgeBackground.swift; sourceTree = "<group>"; };
		EAB67CB12594DFAC006DB0A4 /* BadgeSymbol.swift */ = {isa = PBXFileReference; lastKnownFileType = sourcecode.swift; path = BadgeSymbol.swift; sourceTree = "<group>"; };
		EAB67CB42594E559006DB0A4 /* RotatedBadgeSymbol.swift */ = {isa = PBXFileReference; lastKnownFileType = sourcecode.swift; path = RotatedBadgeSymbol.swift; sourceTree = "<group>"; };
		EAB67CB72594E5F2006DB0A4 /* Badge.swift */ = {isa = PBXFileReference; lastKnownFileType = sourcecode.swift; path = Badge.swift; sourceTree = "<group>"; };
		EAB8CA3125922C3D0030CE18 /* FavoriteButton.swift */ = {isa = PBXFileReference; lastKnownFileType = sourcecode.swift; path = FavoriteButton.swift; sourceTree = "<group>"; };
		EAB8CA38259236830030CE18 /* HexagonParameters.swift */ = {isa = PBXFileReference; lastKnownFileType = sourcecode.swift; path = HexagonParameters.swift; sourceTree = "<group>"; };
		EACC980925901A33000DE6FE /* landmarkData.json */ = {isa = PBXFileReference; fileEncoding = 4; lastKnownFileType = text.json; path = landmarkData.json; sourceTree = "<group>"; };
		EACC980E2590A1DE000DE6FE /* Landmark.swift */ = {isa = PBXFileReference; lastKnownFileType = sourcecode.swift; path = Landmark.swift; sourceTree = "<group>"; };
		EACC98122590A1FD000DE6FE /* ModelData.swift */ = {isa = PBXFileReference; lastKnownFileType = sourcecode.swift; path = ModelData.swift; sourceTree = "<group>"; };
		EACC98152590A223000DE6FE /* LandmarkRow.swift */ = {isa = PBXFileReference; lastKnownFileType = sourcecode.swift; path = LandmarkRow.swift; sourceTree = "<group>"; };
		EACC98182590A68D000DE6FE /* LandmarkList.swift */ = {isa = PBXFileReference; lastKnownFileType = sourcecode.swift; path = LandmarkList.swift; sourceTree = "<group>"; };
		EACC981B2590A831000DE6FE /* LandmarkDetail.swift */ = {isa = PBXFileReference; lastKnownFileType = sourcecode.swift; path = LandmarkDetail.swift; sourceTree = "<group>"; };
/* End PBXFileReference section */

/* Begin PBXFrameworksBuildPhase section */
		EA991799254AB92E0083144E /* Frameworks */ = {
			isa = PBXFrameworksBuildPhase;
			buildActionMask = 2147483647;
			files = (
			);
			runOnlyForDeploymentPostprocessing = 0;
		};
/* End PBXFrameworksBuildPhase section */

/* Begin PBXGroup section */
		EA62619825964B76008F3A3F /* Hikes */ = {
			isa = PBXGroup;
			children = (
				EA62619925964B76008F3A3F /* GraphCapsule.swift */,
				EA6261B82598F90E008F3A3F /* HikeBadge.swift */,
				EA62619A25964B76008F3A3F /* HikeGraph.swift */,
				EA62619B25964B76008F3A3F /* HikeDetail.swift */,
				EA62619C25964B76008F3A3F /* HikeView.swift */,
			);
			path = Hikes;
			sourceTree = "<group>";
		};
		EA6261A22598B89A008F3A3F /* Categories */ = {
			isa = PBXGroup;
			children = (
				EA6261A32598B8AF008F3A3F /* CategoryHome.swift */,
				EA6261A72598D1D4008F3A3F /* CategoryRow.swift */,
				EA6261AA2598D3C1008F3A3F /* CategoryItem.swift */,
			);
			path = Categories;
			sourceTree = "<group>";
		};
		EA6261B02598F6C0008F3A3F /* Profiles */ = {
			isa = PBXGroup;
			children = (
				EA6261B12598F6D4008F3A3F /* ProfileHost.swift */,
				EA6261BB2599E49D008F3A3F /* ProfileEditor.swift */,
				EA6261B52598F740008F3A3F /* ProfileSummary.swift */,
			);
			path = Profiles;
			sourceTree = "<group>";
		};
		EA991793254AB92E0083144E = {
			isa = PBXGroup;
			children = (
				EA99179E254AB92E0083144E /* ToDo */,
				EA99179D254AB92E0083144E /* Products */,
			);
			sourceTree = "<group>";
		};
		EA99179D254AB92E0083144E /* Products */ = {
			isa = PBXGroup;
			children = (
				EA99179C254AB92E0083144E /* ToDo.app */,
			);
			name = Products;
			sourceTree = "<group>";
		};
		EA99179E254AB92E0083144E /* ToDo */ = {
			isa = PBXGroup;
			children = (
				EA99179F254AB92E0083144E /* ToDoApp.swift */,
				EACC980D25901A57000DE6FE /* Model */,
				EACC980C25901A49000DE6FE /* Resources */,
				EACC9807259019FC000DE6FE /* Views */,
				EA9917A3254AB92F0083144E /* Assets.xcassets */,
				EA9917A8254AB92F0083144E /* Info.plist */,
				EA9917A5254AB92F0083144E /* Preview Content */,
			);
			path = ToDo;
			sourceTree = "<group>";
		};
		EA9917A5254AB92F0083144E /* Preview Content */ = {
			isa = PBXGroup;
			children = (
				EA9917A6254AB92F0083144E /* Preview Assets.xcassets */,
			);
			path = "Preview Content";
			sourceTree = "<group>";
		};
		EAB67CBA2594E891006DB0A4 /* Badges */ = {
			isa = PBXGroup;
			children = (
				EAB8CA38259236830030CE18 /* HexagonParameters.swift */,
				EAB67CAE2594C218006DB0A4 /* BadgeBackground.swift */,
				EAB67CB12594DFAC006DB0A4 /* BadgeSymbol.swift */,
				EAB67CB42594E559006DB0A4 /* RotatedBadgeSymbol.swift */,
				EAB67CB72594E5F2006DB0A4 /* Badge.swift */,
			);
			path = Badges;
			sourceTree = "<group>";
		};
		EAB8CA3425922D0D0030CE18 /* Helpers */ = {
			isa = PBXGroup;
			children = (
				EA65FCDB258D0BD500AF046D /* CircleImage.swift */,
				EAB8CA3125922C3D0030CE18 /* FavoriteButton.swift */,
				EA65FCDE258D0D0E00AF046D /* MapView.swift */,
			);
			path = Helpers;
			sourceTree = "<group>";
		};
		EAB8CA3625922D220030CE18 /* Landmarks */ = {
			isa = PBXGroup;
			children = (
				EACC98152590A223000DE6FE /* LandmarkRow.swift */,
				EACC98182590A68D000DE6FE /* LandmarkList.swift */,
				EACC981B2590A831000DE6FE /* LandmarkDetail.swift */,
			);
			path = Landmarks;
			sourceTree = "<group>";
		};
		EACC9807259019FC000DE6FE /* Views */ = {
			isa = PBXGroup;
			children = (
				EA9917A1254AB92E0083144E /* ContentView.swift */,
				EA6261B02598F6C0008F3A3F /* Profiles */,
				EA6261A22598B89A008F3A3F /* Categories */,
				EA62619825964B76008F3A3F /* Hikes */,
				EAB67CBA2594E891006DB0A4 /* Badges */,
				EAB8CA3625922D220030CE18 /* Landmarks */,
				EAB8CA3425922D0D0030CE18 /* Helpers */,
			);
			path = Views;
			sourceTree = "<group>";
		};
		EACC980C25901A49000DE6FE /* Resources */ = {
			isa = PBXGroup;
			children = (
				EACC980925901A33000DE6FE /* landmarkData.json */,
				EA626192259649F8008F3A3F /* hikeData.json */,
			);
			path = Resources;
			sourceTree = "<group>";
		};
		EACC980D25901A57000DE6FE /* Model */ = {
			isa = PBXGroup;
			children = (
				EACC980E2590A1DE000DE6FE /* Landmark.swift */,
				EACC98122590A1FD000DE6FE /* ModelData.swift */,
				EA6261AD2598F5BB008F3A3F /* Profile.swift */,
				EA62619525964A15008F3A3F /* Hike.swift */,
			);
			path = Model;
			sourceTree = "<group>";
		};
/* End PBXGroup section */

/* Begin PBXNativeTarget section */
		EA99179B254AB92E0083144E /* ToDo */ = {
			isa = PBXNativeTarget;
			buildConfigurationList = EA9917AB254AB92F0083144E /* Build configuration list for PBXNativeTarget "ToDo" */;
			buildPhases = (
				EA991798254AB92E0083144E /* Sources */,
				EA991799254AB92E0083144E /* Frameworks */,
				EA99179A254AB92E0083144E /* Resources */,
			);
			buildRules = (
			);
			dependencies = (
			);
			name = ToDo;
			productName = ToDo;
			productReference = EA99179C254AB92E0083144E /* ToDo.app */;
			productType = "com.apple.product-type.application";
		};
/* End PBXNativeTarget section */

/* Begin PBXProject section */
		EA991794254AB92E0083144E /* Project object */ = {
			isa = PBXProject;
			attributes = {
				LastSwiftUpdateCheck = 1210;
				LastUpgradeCheck = 1210;
				TargetAttributes = {
					EA99179B254AB92E0083144E = {
						CreatedOnToolsVersion = 12.1;
					};
				};
			};
			buildConfigurationList = EA991797254AB92E0083144E /* Build configuration list for PBXProject "ToDo" */;
			compatibilityVersion = "Xcode 9.3";
			developmentRegion = en;
			hasScannedForEncodings = 0;
			knownRegions = (
				en,
				Base,
			);
			mainGroup = EA991793254AB92E0083144E;
			productRefGroup = EA99179D254AB92E0083144E /* Products */;
			projectDirPath = "";
			projectRoot = "";
			targets = (
				EA99179B254AB92E0083144E /* ToDo */,
			);
		};
/* End PBXProject section */

/* Begin PBXResourcesBuildPhase section */
		EA99179A254AB92E0083144E /* Resources */ = {
			isa = PBXResourcesBuildPhase;
			buildActionMask = 2147483647;
			files = (
				EA626193259649F8008F3A3F /* hikeData.json in Resources */,
				EA9917A7254AB92F0083144E /* Preview Assets.xcassets in Resources */,
				EA9917A4254AB92F0083144E /* Assets.xcassets in Resources */,
				EACC980A25901A33000DE6FE /* landmarkData.json in Resources */,
			);
			runOnlyForDeploymentPostprocessing = 0;
		};
/* End PBXResourcesBuildPhase section */

/* Begin PBXSourcesBuildPhase section */
		EA991798254AB92E0083144E /* Sources */ = {
			isa = PBXSourcesBuildPhase;
			buildActionMask = 2147483647;
			files = (
				EA6261A82598D1D4008F3A3F /* CategoryRow.swift in Sources */,
				EA6261AE2598F5BB008F3A3F /* Profile.swift in Sources */,
				EA9917A2254AB92E0083144E /* ContentView.swift in Sources */,
				EA6261A42598B8AF008F3A3F /* CategoryHome.swift in Sources */,
				EA62619E25964B76008F3A3F /* HikeGraph.swift in Sources */,
				EAB67CB82594E5F2006DB0A4 /* Badge.swift in Sources */,
				EA65FCDF258D0D0E00AF046D /* MapView.swift in Sources */,
				EA62619D25964B76008F3A3F /* GraphCapsule.swift in Sources */,
				EA9917A0254AB92E0083144E /* ToDoApp.swift in Sources */,
				EAB8CA3225922C3D0030CE18 /* FavoriteButton.swift in Sources */,
				EA6261AB2598D3C1008F3A3F /* CategoryItem.swift in Sources */,
				EA62619F25964B76008F3A3F /* HikeDetail.swift in Sources */,
				EA6261B62598F740008F3A3F /* ProfileSummary.swift in Sources */,
				EAB8CA39259236830030CE18 /* HexagonParameters.swift in Sources */,
				EA6261B22598F6D4008F3A3F /* ProfileHost.swift in Sources */,
				EA62619625964A15008F3A3F /* Hike.swift in Sources */,
				EAB67CB52594E559006DB0A4 /* RotatedBadgeSymbol.swift in Sources */,
				EAB67CB22594DFAC006DB0A4 /* BadgeSymbol.swift in Sources */,
				EA6261BC2599E49D008F3A3F /* ProfileEditor.swift in Sources */,
				EACC98192590A68D000DE6FE /* LandmarkList.swift in Sources */,
				EA6261A025964B76008F3A3F /* HikeView.swift in Sources */,
				EACC981C2590A831000DE6FE /* LandmarkDetail.swift in Sources */,
				EAB67CAF2594C218006DB0A4 /* BadgeBackground.swift in Sources */,
				EA6261B92598F90E008F3A3F /* HikeBadge.swift in Sources */,
				EA65FCDC258D0BD500AF046D /* CircleImage.swift in Sources */,
				EACC980F2590A1DE000DE6FE /* Landmark.swift in Sources */,
				EACC98162590A223000DE6FE /* LandmarkRow.swift in Sources */,
				EACC98132590A1FD000DE6FE /* ModelData.swift in Sources */,
			);
			runOnlyForDeploymentPostprocessing = 0;
		};
/* End PBXSourcesBuildPhase section */

/* Begin XCBuildConfiguration section */
		EA9917A9254AB92F0083144E /* Debug */ = {
			isa = XCBuildConfiguration;
			buildSettings = {
				ALWAYS_SEARCH_USER_PATHS = NO;
				CLANG_ANALYZER_NONNULL = YES;
				CLANG_ANALYZER_NUMBER_OBJECT_CONVERSION = YES_AGGRESSIVE;
				CLANG_CXX_LANGUAGE_STANDARD = "gnu++14";
				CLANG_CXX_LIBRARY = "libc++";
				CLANG_ENABLE_MODULES = YES;
				CLANG_ENABLE_OBJC_ARC = YES;
				CLANG_ENABLE_OBJC_WEAK = YES;
				CLANG_WARN_BLOCK_CAPTURE_AUTORELEASING = YES;
				CLANG_WARN_BOOL_CONVERSION = YES;
				CLANG_WARN_COMMA = YES;
				CLANG_WARN_CONSTANT_CONVERSION = YES;
				CLANG_WARN_DEPRECATED_OBJC_IMPLEMENTATIONS = YES;
				CLANG_WARN_DIRECT_OBJC_ISA_USAGE = YES_ERROR;
				CLANG_WARN_DOCUMENTATION_COMMENTS = YES;
				CLANG_WARN_EMPTY_BODY = YES;
				CLANG_WARN_ENUM_CONVERSION = YES;
				CLANG_WARN_INFINITE_RECURSION = YES;
				CLANG_WARN_INT_CONVERSION = YES;
				CLANG_WARN_NON_LITERAL_NULL_CONVERSION = YES;
				CLANG_WARN_OBJC_IMPLICIT_RETAIN_SELF = YES;
				CLANG_WARN_OBJC_LITERAL_CONVERSION = YES;
				CLANG_WARN_OBJC_ROOT_CLASS = YES_ERROR;
				CLANG_WARN_QUOTED_INCLUDE_IN_FRAMEWORK_HEADER = YES;
				CLANG_WARN_RANGE_LOOP_ANALYSIS = YES;
				CLANG_WARN_STRICT_PROTOTYPES = YES;
				CLANG_WARN_SUSPICIOUS_MOVE = YES;
				CLANG_WARN_UNGUARDED_AVAILABILITY = YES_AGGRESSIVE;
				CLANG_WARN_UNREACHABLE_CODE = YES;
				CLANG_WARN__DUPLICATE_METHOD_MATCH = YES;
				COPY_PHASE_STRIP = NO;
				DEBUG_INFORMATION_FORMAT = dwarf;
				ENABLE_STRICT_OBJC_MSGSEND = YES;
				ENABLE_TESTABILITY = YES;
				GCC_C_LANGUAGE_STANDARD = gnu11;
				GCC_DYNAMIC_NO_PIC = NO;
				GCC_NO_COMMON_BLOCKS = YES;
				GCC_OPTIMIZATION_LEVEL = 0;
				GCC_PREPROCESSOR_DEFINITIONS = (
					"DEBUG=1",
					"$(inherited)",
				);
				GCC_WARN_64_TO_32_BIT_CONVERSION = YES;
				GCC_WARN_ABOUT_RETURN_TYPE = YES_ERROR;
				GCC_WARN_UNDECLARED_SELECTOR = YES;
				GCC_WARN_UNINITIALIZED_AUTOS = YES_AGGRESSIVE;
				GCC_WARN_UNUSED_FUNCTION = YES;
				GCC_WARN_UNUSED_VARIABLE = YES;
				IPHONEOS_DEPLOYMENT_TARGET = 14.1;
				MTL_ENABLE_DEBUG_INFO = INCLUDE_SOURCE;
				MTL_FAST_MATH = YES;
				ONLY_ACTIVE_ARCH = YES;
				SDKROOT = iphoneos;
				SWIFT_ACTIVE_COMPILATION_CONDITIONS = DEBUG;
				SWIFT_OPTIMIZATION_LEVEL = "-Onone";
			};
			name = Debug;
		};
		EA9917AA254AB92F0083144E /* Release */ = {
			isa = XCBuildConfiguration;
			buildSettings = {
				ALWAYS_SEARCH_USER_PATHS = NO;
				CLANG_ANALYZER_NONNULL = YES;
				CLANG_ANALYZER_NUMBER_OBJECT_CONVERSION = YES_AGGRESSIVE;
				CLANG_CXX_LANGUAGE_STANDARD = "gnu++14";
				CLANG_CXX_LIBRARY = "libc++";
				CLANG_ENABLE_MODULES = YES;
				CLANG_ENABLE_OBJC_ARC = YES;
				CLANG_ENABLE_OBJC_WEAK = YES;
				CLANG_WARN_BLOCK_CAPTURE_AUTORELEASING = YES;
				CLANG_WARN_BOOL_CONVERSION = YES;
				CLANG_WARN_COMMA = YES;
				CLANG_WARN_CONSTANT_CONVERSION = YES;
				CLANG_WARN_DEPRECATED_OBJC_IMPLEMENTATIONS = YES;
				CLANG_WARN_DIRECT_OBJC_ISA_USAGE = YES_ERROR;
				CLANG_WARN_DOCUMENTATION_COMMENTS = YES;
				CLANG_WARN_EMPTY_BODY = YES;
				CLANG_WARN_ENUM_CONVERSION = YES;
				CLANG_WARN_INFINITE_RECURSION = YES;
				CLANG_WARN_INT_CONVERSION = YES;
				CLANG_WARN_NON_LITERAL_NULL_CONVERSION = YES;
				CLANG_WARN_OBJC_IMPLICIT_RETAIN_SELF = YES;
				CLANG_WARN_OBJC_LITERAL_CONVERSION = YES;
				CLANG_WARN_OBJC_ROOT_CLASS = YES_ERROR;
				CLANG_WARN_QUOTED_INCLUDE_IN_FRAMEWORK_HEADER = YES;
				CLANG_WARN_RANGE_LOOP_ANALYSIS = YES;
				CLANG_WARN_STRICT_PROTOTYPES = YES;
				CLANG_WARN_SUSPICIOUS_MOVE = YES;
				CLANG_WARN_UNGUARDED_AVAILABILITY = YES_AGGRESSIVE;
				CLANG_WARN_UNREACHABLE_CODE = YES;
				CLANG_WARN__DUPLICATE_METHOD_MATCH = YES;
				COPY_PHASE_STRIP = NO;
				DEBUG_INFORMATION_FORMAT = "dwarf-with-dsym";
				ENABLE_NS_ASSERTIONS = NO;
				ENABLE_STRICT_OBJC_MSGSEND = YES;
				GCC_C_LANGUAGE_STANDARD = gnu11;
				GCC_NO_COMMON_BLOCKS = YES;
				GCC_WARN_64_TO_32_BIT_CONVERSION = YES;
				GCC_WARN_ABOUT_RETURN_TYPE = YES_ERROR;
				GCC_WARN_UNDECLARED_SELECTOR = YES;
				GCC_WARN_UNINITIALIZED_AUTOS = YES_AGGRESSIVE;
				GCC_WARN_UNUSED_FUNCTION = YES;
				GCC_WARN_UNUSED_VARIABLE = YES;
				IPHONEOS_DEPLOYMENT_TARGET = 14.1;
				MTL_ENABLE_DEBUG_INFO = NO;
				MTL_FAST_MATH = YES;
				SDKROOT = iphoneos;
				SWIFT_COMPILATION_MODE = wholemodule;
				SWIFT_OPTIMIZATION_LEVEL = "-O";
				VALIDATE_PRODUCT = YES;
			};
			name = Release;
		};
		EA9917AC254AB92F0083144E /* Debug */ = {
			isa = XCBuildConfiguration;
			buildSettings = {
				ASSETCATALOG_COMPILER_APPICON_NAME = AppIcon;
				ASSETCATALOG_COMPILER_GLOBAL_ACCENT_COLOR_NAME = AccentColor;
				CODE_SIGN_STYLE = Automatic;
				DEVELOPMENT_ASSET_PATHS = "\"ToDo/Preview Content\"";
				DEVELOPMENT_TEAM = 3N6LE852HC;
				ENABLE_PREVIEWS = YES;
				INFOPLIST_FILE = ToDo/Info.plist;
				IPHONEOS_DEPLOYMENT_TARGET = 14.0;
				LD_RUNPATH_SEARCH_PATHS = (
					"$(inherited)",
					"@executable_path/Frameworks",
				);
				PRODUCT_BUNDLE_IDENTIFIER = ssamko.ToDo;
				PRODUCT_NAME = "$(TARGET_NAME)";
				SWIFT_VERSION = 5.0;
				TARGETED_DEVICE_FAMILY = "1,2";
			};
			name = Debug;
		};
		EA9917AD254AB92F0083144E /* Release */ = {
			isa = XCBuildConfiguration;
			buildSettings = {
				ASSETCATALOG_COMPILER_APPICON_NAME = AppIcon;
				ASSETCATALOG_COMPILER_GLOBAL_ACCENT_COLOR_NAME = AccentColor;
				CODE_SIGN_STYLE = Automatic;
				DEVELOPMENT_ASSET_PATHS = "\"ToDo/Preview Content\"";
				DEVELOPMENT_TEAM = 3N6LE852HC;
				ENABLE_PREVIEWS = YES;
				INFOPLIST_FILE = ToDo/Info.plist;
				IPHONEOS_DEPLOYMENT_TARGET = 14.0;
				LD_RUNPATH_SEARCH_PATHS = (
					"$(inherited)",
					"@executable_path/Frameworks",
				);
				PRODUCT_BUNDLE_IDENTIFIER = ssamko.ToDo;
				PRODUCT_NAME = "$(TARGET_NAME)";
				SWIFT_VERSION = 5.0;
				TARGETED_DEVICE_FAMILY = "1,2";
			};
			name = Release;
		};
/* End XCBuildConfiguration section */

/* Begin XCConfigurationList section */
		EA991797254AB92E0083144E /* Build configuration list for PBXProject "ToDo" */ = {
			isa = XCConfigurationList;
			buildConfigurations = (
				EA9917A9254AB92F0083144E /* Debug */,
				EA9917AA254AB92F0083144E /* Release */,
			);
			defaultConfigurationIsVisible = 0;
			defaultConfigurationName = Release;
		};
		EA9917AB254AB92F0083144E /* Build configuration list for PBXNativeTarget "ToDo" */ = {
			isa = XCConfigurationList;
			buildConfigurations = (
				EA9917AC254AB92F0083144E /* Debug */,
				EA9917AD254AB92F0083144E /* Release */,
			);
			defaultConfigurationIsVisible = 0;
			defaultConfigurationName = Release;
		};
/* End XCConfigurationList section */
	};
	rootObject = EA991794254AB92E0083144E /* Project object */;
}
